
Microsoft Visual Studio Solution File, Format Version 12.00
# Visual Studio Version 16
VisualStudioVersion = 16.0.33130.400
MinimumVisualStudioVersion = 10.0.40219.1
Project("{FAE04EC0-301F-11D3-BF4B-00C04F79EFBC}") = "BFSI_datalakedemo", "BFSI_datalakedemo\BFSI_datalakedemo.csproj", "{477BD1D0-B631-414A-80F1-E3C867E2DB86}"
EndProject
Global
	GlobalSection(SolutionConfigurationPlatforms) = preSolution
		Debug|Any CPU = Debug|Any CPU
		Release|Any CPU = Release|Any CPU
	EndGlobalSection
	GlobalSection(ProjectConfigurationPlatforms) = postSolution
		{477BD1D0-B631-414A-80F1-E3C867E2DB86}.Debug|Any CPU.ActiveCfg = Debug|Any CPU
		{477BD1D0-B631-414A-80F1-E3C867E2DB86}.Debug|Any CPU.Build.0 = Debug|Any CPU
		{477BD1D0-B631-414A-80F1-E3C867E2DB86}.Release|Any CPU.ActiveCfg = Release|Any CPU
		{477BD1D0-B631-414A-80F1-E3C867E2DB86}.Release|Any CPU.Build.0 = Release|Any CPU
	EndGlobalSection
	GlobalSection(SolutionProperties) = preSolution
		HideSolutionNode = FALSE
	EndGlobalSection
	GlobalSection(ExtensibilityGlobals) = postSolution
		SolutionGuid = {DCB54532-8D0A-4FF0-8DA2-AE1020F568EE}
	EndGlobalSection
EndGlobal
